
Microsoft Visual Studio Solution File, Format Version 12.00
# Visual Studio Version 16
VisualStudioVersion = 16.0.31515.178
MinimumVisualStudioVersion = 10.0.40219.1
Project("{FAE04EC0-301F-11D3-BF4B-00C04F79EFBC}") = "GoldengMSA", "GoldengMSA\GoldengMSA.csproj", "{0D28052A-0CF5-46D3-8BD5-7AA860A60E6F}"
EndProject
Global
	GlobalSection(SolutionConfigurationPlatforms) = preSolution
		Debug|Any CPU = Debug|Any CPU
		Release|Any CPU = Release|Any CPU
	EndGlobalSection
	GlobalSection(ProjectConfigurationPlatforms) = postSolution
		{0D28052A-0CF5-46D3-8BD5-7AA860A60E6F}.Debug|Any CPU.ActiveCfg = Debug|Any CPU
		{0D28052A-0CF5-46D3-8BD5-7AA860A60E6F}.Debug|Any CPU.Build.0 = Debug|Any CPU
		{0D28052A-0CF5-46D3-8BD5-7AA860A60E6F}.Release|Any CPU.ActiveCfg = Release|Any CPU
		{0D28052A-0CF5-46D3-8BD5-7AA860A60E6F}.Release|Any CPU.Build.0 = Release|Any CPU
	EndGlobalSection
	GlobalSection(SolutionProperties) = preSolution
		HideSolutionNode = FALSE
	EndGlobalSection
	GlobalSection(ExtensibilityGlobals) = postSolution
		SolutionGuid = {350C5DC4-959C-411B-85AC-D886C054EF8C}
	EndGlobalSection
EndGlobal
